
Microsoft Visual Studio Solution File, Format Version 12.00
# Visual Studio Version 17
VisualStudioVersion = 17.13.35931.197 d17.13
MinimumVisualStudioVersion = 10.0.40219.1
Project("{FAE04EC0-301F-11D3-BF4B-00C04F79EFBC}") = "TopDownCarPhysics", "TopDownCarPhysics.csproj", "{419F67B2-04F7-BC7D-4E0A-1973B7903470}"
EndProject
Global
	GlobalSection(SolutionConfigurationPlatforms) = preSolution
		Debug|Any CPU = Debug|Any CPU
		Release|Any CPU = Release|Any CPU
	EndGlobalSection
	GlobalSection(ProjectConfigurationPlatforms) = postSolution
		{419F67B2-04F7-BC7D-4E0A-1973B7903470}.Debug|Any CPU.ActiveCfg = Debug|Any CPU
		{419F67B2-04F7-BC7D-4E0A-1973B7903470}.Debug|Any CPU.Build.0 = Debug|Any CPU
		{419F67B2-04F7-BC7D-4E0A-1973B7903470}.Release|Any CPU.ActiveCfg = Release|Any CPU
		{419F67B2-04F7-BC7D-4E0A-1973B7903470}.Release|Any CPU.Build.0 = Release|Any CPU
	EndGlobalSection
	GlobalSection(SolutionProperties) = preSolution
		HideSolutionNode = FALSE
	EndGlobalSection
	GlobalSection(ExtensibilityGlobals) = postSolution
		SolutionGuid = {CE411430-3D31-403E-89F2-4595C021D4A2}
	EndGlobalSection
EndGlobal
